
Microsoft Visual Studio Solution File, Format Version 12.00
# Visual Studio Version 16
VisualStudioVersion = 16.0.29911.84
MinimumVisualStudioVersion = 10.0.40219.1
Project("{9A19103F-16F7-4668-BE54-9A1E7A4F7556}") = "SnakesAndLaddersXF", "SnakesAndLaddersXF.csproj", "{3F375793-3213-420E-B4DD-9FCAA33A8D20}"
EndProject
Global
	GlobalSection(SolutionConfigurationPlatforms) = preSolution
		Debug|Any CPU = Debug|Any CPU
		Release|Any CPU = Release|Any CPU
	EndGlobalSection
	GlobalSection(ProjectConfigurationPlatforms) = postSolution
		{3F375793-3213-420E-B4DD-9FCAA33A8D20}.Debug|Any CPU.ActiveCfg = Debug|Any CPU
		{3F375793-3213-420E-B4DD-9FCAA33A8D20}.Debug|Any CPU.Build.0 = Debug|Any CPU
		{3F375793-3213-420E-B4DD-9FCAA33A8D20}.Release|Any CPU.ActiveCfg = Release|Any CPU
		{3F375793-3213-420E-B4DD-9FCAA33A8D20}.Release|Any CPU.Build.0 = Release|Any CPU
	EndGlobalSection
	GlobalSection(SolutionProperties) = preSolution
		HideSolutionNode = FALSE
	EndGlobalSection
	GlobalSection(ExtensibilityGlobals) = postSolution
		SolutionGuid = {0E4457D3-2664-4001-B102-68566B36C217}
	EndGlobalSection
EndGlobal
