
Microsoft Visual Studio Solution File, Format Version 12.00
# Visual Studio Version 16
VisualStudioVersion = 16.0.29123.89
MinimumVisualStudioVersion = 10.0.40219.1
Project("{FAE04EC0-301F-11D3-BF4B-00C04F79EFBC}") = "BowlingDiceGameCP", "BowlingDiceGameCP.csproj", "{872CE18B-1AE3-4CBC-9703-3DCBFD58EEF7}"
EndProject
Global
	GlobalSection(SolutionConfigurationPlatforms) = preSolution
		Debug|Any CPU = Debug|Any CPU
		Release|Any CPU = Release|Any CPU
	EndGlobalSection
	GlobalSection(ProjectConfigurationPlatforms) = postSolution
		{872CE18B-1AE3-4CBC-9703-3DCBFD58EEF7}.Debug|Any CPU.ActiveCfg = Debug|Any CPU
		{872CE18B-1AE3-4CBC-9703-3DCBFD58EEF7}.Debug|Any CPU.Build.0 = Debug|Any CPU
		{872CE18B-1AE3-4CBC-9703-3DCBFD58EEF7}.Release|Any CPU.ActiveCfg = Release|Any CPU
		{872CE18B-1AE3-4CBC-9703-3DCBFD58EEF7}.Release|Any CPU.Build.0 = Release|Any CPU
	EndGlobalSection
	GlobalSection(SolutionProperties) = preSolution
		HideSolutionNode = FALSE
	EndGlobalSection
	GlobalSection(ExtensibilityGlobals) = postSolution
		SolutionGuid = {1563C457-D8F0-4E1D-B7CF-1DE5BD69A8DC}
	EndGlobalSection
EndGlobal
